lockfileVersion: 5.3

specifiers:
  '@depth/canvas': workspace:*
  '@depth/misc': workspace:*
  '@dimforge/rapier3d-compat': ^0.7.6

dependencies:
  '@depth/canvas': link:../canvas
  '@depth/misc': link:../misc
  '@dimforge/rapier3d-compat': 0.7.6

packages:

  /@dimforge/rapier3d-compat/0.7.6:
    resolution: {integrity: sha512-A+IZSlkyBXlLKxVi4XTfjvySjZ8Lq7qZ0pE5U+renkQnDOjx+yhRMOhL1awqvLt6SJXId6kx8gaz0O8kxw8LLA==}
    dev: false
