lockfileVersion: 5.3

specifiers:
  '@depth/canvas': workspace:*
  '@mediapipe/face_mesh': ^0.4.1633559619
  '@mediapipe/hands': ^0.4.1635986972
  '@mediapipe/holistic': ^0.5.1635989137
  '@mediapipe/pose': ^0.5.1635988162

dependencies:
  '@depth/canvas': link:../canvas
  '@mediapipe/face_mesh': 0.4.1633559619
  '@mediapipe/hands': 0.4.1635986972
  '@mediapipe/holistic': 0.5.1635989137
  '@mediapipe/pose': 0.5.1635988162

packages:

  /@mediapipe/face_mesh/0.4.1633559619:
    resolution: {integrity: sha512-Vc8cdjxS5+O2gnjWH9KncYpUCVXT0h714KlWAsyqJvJbIgUJBqpppbIx8yWcAzBDxm/5cYSuBI5p5ySIPxzcEg==}
    dev: false

  /@mediapipe/hands/0.4.1635986972:
    resolution: {integrity: sha512-xVsoT7beiY9glBAHtcEBkfYO1eDMMzmU0U3wOYEy+sphu5y4Lx4Eg9k1qR+IsYYr1CDx+hYQH3YMVXm9D68+8Q==}
    dev: false

  /@mediapipe/holistic/0.5.1635989137:
    resolution: {integrity: sha512-iY1bOZ4QUR1jBwJzmaQI6u3BZLYfOTAdj2S8EgXPp/ngGtcyNN3oaVH3eTGUBzYsBd/MXG1RmDzBPd9e9DyKJw==}
    dev: false

  /@mediapipe/pose/0.5.1635988162:
    resolution: {integrity: sha512-t0dpl+iG/MTPtPPxEYHyVWo+X7G+qgYUYaB4y9pxavQRNzuQQeHeSmUnT+A8qOKnuB0ccxgyrrFmGUaaL0F3wQ==}
    dev: false
