lockfileVersion: 5.3

specifiers:
  '@depth/canvas': workspace:*
  '@types/stats.js': ^0.17.0
  stats.js: ^0.17.0

dependencies:
  '@depth/canvas': link:../canvas
  stats.js: 0.17.0

devDependencies:
  '@types/stats.js': 0.17.0

packages:

  /@types/stats.js/0.17.0:
    resolution: {integrity: sha512-9w+a7bR8PeB0dCT/HBULU2fMqf6BAzvKbxFboYhmDtDkKPiyXYbjoe2auwsXlEFI7CFNMF1dCv3dFH5Poy9R1w==}
    dev: true

  /stats.js/0.17.0:
    resolution: {integrity: sha1-scPcRtlEmLV4t/05hbgaznExzH0=}
    dev: false
