lockfileVersion: 5.3

specifiers:
  '@depth/canvas': workspace:*
  camera-controls: ^1.34.1

dependencies:
  '@depth/canvas': link:../canvas
  camera-controls: 1.34.1

packages:

  /camera-controls/1.34.1:
    resolution: {integrity: sha512-cw1zfO3pVB87VHz0TVTtfBpv3C7hMi11Ia7utGiskDOJRngOtm8U9JPDqD7QGpJL1f+M8y7aZXRDJtGkRGTHsQ==}
    peerDependencies:
      three: '>=0.126.1'
    dev: false
