lockfileVersion: 5.3

specifiers:
  '@depth/canvas': ^0.1.0
  '@depth/misc': ^0.1.0
  '@depth/statem': ^0.1.0
  '@depth/ui': ^0.1.0
  '@windicss/plugin-scrollbar': ^1.2.3
  comlink: ^4.3.1
  picocolors: ^1.0.0
  postcss: ^8.4.7
  postcss-preset-env: ^7.4.2
  pug: ^3.0.2
  vite: ^2.8.6
  vite-plugin-comlink: ^2.1.0
  vite-plugin-pug: ^0.3.1
  vite-plugin-windicss: ^1.8.2
  windicss: ^3.5.1

dependencies:
  '@depth/canvas': link:../lib/canvas
  '@depth/misc': link:../lib/misc
  '@depth/statem': link:../lib/statem
  '@depth/ui': link:../lib/ui
  comlink: 4.3.1

devDependencies:
  '@windicss/plugin-scrollbar': 1.2.3
  picocolors: 1.0.0
  postcss: 8.4.7
  postcss-preset-env: 7.4.2_postcss@8.4.7
  pug: 3.0.2
  vite: 2.8.6
  vite-plugin-comlink: 2.1.0_comlink@4.3.1+vite@2.8.6
  vite-plugin-pug: 0.3.1_picocolors@1.0.0+vite@2.8.6
  vite-plugin-windicss: 1.8.2_vite@2.8.6
  windicss: 3.5.1

packages:

  /@antfu/utils/0.5.0:
    resolution: {integrity: sha512-MrAQ/MrPSxbh1bBrmwJjORfJymw4IqSHFBXqvxaga3ZdDM+/zokYF8DjyJpSjY2QmpmgQrajDUBJOWrYeARfzA==}
    dev: true

  /@babel/helper-validator-identifier/7.16.7:
    resolution: {integrity: sha512-hsEnFemeiW4D08A5gUAZxLBTXpZ39P+a+DGDsHw1yxqyQ/jzFEnxf5uTEGp+3bzAbNOxU1paTgYS4ECU/IgfDw==}
    engines: {node: '>=6.9.0'}
    dev: true

  /@babel/parser/7.17.3:
    resolution: {integrity: sha512-7yJPvPV+ESz2IUTPbOL+YkIGyCqOyNIzdguKQuJGnH7bg1WTIifuM21YqokFt/THWh1AkCRn9IgoykTRCBVpzA==}
    engines: {node: '>=6.0.0'}
    hasBin: true
    dev: true

  /@babel/types/7.17.0:
    resolution: {integrity: sha512-TmKSNO4D5rzhL5bjWFcVHHLETzfQ/AmbKpKPOSjlP0WoHZ6L911fgoOKY4Alp/emzG4cHJdyN49zpgkbXFEHHw==}
    engines: {node: '>=6.9.0'}
    dependencies:
      '@babel/helper-validator-identifier': 7.16.7
      to-fast-properties: 2.0.0
    dev: true

  /@csstools/postcss-color-function/1.0.2_postcss@8.4.7:
    resolution: {integrity: sha512-uayvFqfa0hITPwVduxRYNL9YBD/anTqula0tu2llalaxblEd7QPuETSN3gB5PvTYxSfd0d8kS4Fypgo5JaUJ6A==}
    engines: {node: ^12 || ^14 || >=16}
    peerDependencies:
      postcss: ^8.4
    dependencies:
      '@csstools/postcss-progressive-custom-properties': 1.2.0_postcss@8.4.7
      postcss: 8.4.7
      postcss-value-parser: 4.2.0
    dev: true

  /@csstools/postcss-font-format-keywords/1.0.0_postcss@8.4.7:
    resolution: {integrity: sha512-oO0cZt8do8FdVBX8INftvIA4lUrKUSCcWUf9IwH9IPWOgKT22oAZFXeHLoDK7nhB2SmkNycp5brxfNMRLIhd6Q==}
    engines: {node: ^12 || ^14 || >=16}
    peerDependencies:
      postcss: ^8.3
    dependencies:
      postcss: 8.4.7
      postcss-value-parser: 4.2.0
    dev: true

  /@csstools/postcss-hwb-function/1.0.0_postcss@8.4.7:
    resolution: {integrity: sha512-VSTd7hGjmde4rTj1rR30sokY3ONJph1reCBTUXqeW1fKwETPy1x4t/XIeaaqbMbC5Xg4SM/lyXZ2S8NELT2TaA==}
    engines: {node: ^12 || ^14 || >=16}
    peerDependencies:
      postcss: ^8.3
    dependencies:
      postcss: 8.4.7
      postcss-value-parser: 4.2.0
    dev: true

  /@csstools/postcss-ic-unit/1.0.0_postcss@8.4.7:
    resolution: {integrity: sha512-i4yps1mBp2ijrx7E96RXrQXQQHm6F4ym1TOD0D69/sjDjZvQ22tqiEvaNw7pFZTUO5b9vWRHzbHzP9+UKuw+bA==}
    engines: {node: ^12 || ^14 || >=16}
    peerDependencies:
      postcss: ^8.3
    dependencies:
      '@csstools/postcss-progressive-custom-properties': 1.2.0_postcss@8.4.7
      postcss: 8.4.7
      postcss-value-parser: 4.2.0
    dev: true

  /@csstools/postcss-is-pseudo-class/2.0.1_postcss@8.4.7:
    resolution: {integrity: sha512-Og5RrTzwFhrKoA79c3MLkfrIBYmwuf/X83s+JQtz/Dkk/MpsaKtqHV1OOzYkogQ+tj3oYp5Mq39XotBXNqVc3Q==}
    engines: {node: ^12 || ^14 || >=16}
    peerDependencies:
      postcss: ^8.4
    dependencies:
      postcss: 8.4.7
      postcss-selector-parser: 6.0.9
    dev: true

  /@csstools/postcss-normalize-display-values/1.0.0_postcss@8.4.7:
    resolution: {integrity: sha512-bX+nx5V8XTJEmGtpWTO6kywdS725t71YSLlxWt78XoHUbELWgoCXeOFymRJmL3SU1TLlKSIi7v52EWqe60vJTQ==}
    engines: {node: ^12 || ^14 || >=16}
    peerDependencies:
      postcss: ^8.3
    dependencies:
      postcss: 8.4.7
      postcss-value-parser: 4.2.0
    dev: true

  /@csstools/postcss-oklab-function/1.0.1_postcss@8.4.7:
    resolution: {integrity: sha512-Bnly2FWWSTZX20hDJLYHpurhp1ot+ZGvojLOsrHa9frzOVruOv4oPYMZ6wQomi9KsbZZ+Af/CuRYaGReTyGtEg==}
    engines: {node: ^12 || ^14 || >=16}
    peerDependencies:
      postcss: ^8.4
    dependencies:
      '@csstools/postcss-progressive-custom-properties': 1.2.0_postcss@8.4.7
      postcss: 8.4.7
      postcss-value-parser: 4.2.0
    dev: true

  /@csstools/postcss-progressive-custom-properties/1.2.0_postcss@8.4.7:
    resolution: {integrity: sha512-YLpFPK5OaLIRKZhUfnrZPT9s9cmtqltIOg7W6jPcxmiDpnZ4lk+odfufZttOAgcg6IHWvNLgcITSLpJxIQB/qQ==}
    engines: {node: ^12 || ^14 || >=16}
    peerDependencies:
      postcss: ^8.3
    dependencies:
      postcss: 8.4.7
      postcss-value-parser: 4.2.0
    dev: true

  /@nodelib/fs.scandir/2.1.5:
    resolution: {integrity: sha512-vq24Bq3ym5HEQm2NKCr3yXDwjc7vTsEThRDnkp2DK9p1uqLR+DHurm/NOTo0KG7HYHU7eppKZj3MyqYuMBf62g==}
    engines: {node: '>= 8'}
    dependencies:
      '@nodelib/fs.stat': 2.0.5
      run-parallel: 1.2.0
    dev: true

  /@nodelib/fs.stat/2.0.5:
    resolution: {integrity: sha512-RkhPPp2zrqDAQA/2jNhnztcPAlv64XdhIp7a7454A5ovI7Bukxgt7MX7udwAu3zg1DcpPU0rz3VV1SeaqvY4+A==}
    engines: {node: '>= 8'}
    dev: true

  /@nodelib/fs.walk/1.2.8:
    resolution: {integrity: sha512-oGB+UxlgWcgQkgwo8GcEGwemoTFt3FIO9ababBmaGwXIoBKZ+GTy0pP185beGg7Llih/NSHSV2XAs1lnznocSg==}
    engines: {node: '>= 8'}
    dependencies:
      '@nodelib/fs.scandir': 2.1.5
      fastq: 1.13.0
    dev: true

  /@windicss/config/1.8.2:
    resolution: {integrity: sha512-dGXkzcH1Bnm9716/pE63YSewLQIZXGWerHEotUKf2EMlz/JqsI9Z3yBy/lXVL9HsEoTNpyvMPLk75oquH0vXGg==}
    dependencies:
      debug: 4.3.3
      jiti: 1.13.0
      windicss: 3.5.1
    transitivePeerDependencies:
      - supports-color
    dev: true

  /@windicss/plugin-scrollbar/1.2.3:
    resolution: {integrity: sha512-+cqv1pEmaNPITeBJ/lO6tc8IjBzRhQ+V9G8r249MMXivYoxUO4DtModBrRGHVvBgsYZgPXDsIv2jqtxc4NqYEg==}
    dev: true

  /@windicss/plugin-utils/1.8.2:
    resolution: {integrity: sha512-UlinWxojyGxWV18AyQ1ISeGvtpbw4ITQpcRe0v4PyuJZHwnrrHmxp8o/pg10oEcDKnsTIbjGeZfW5DC+mkjYYQ==}
    dependencies:
      '@antfu/utils': 0.5.0
      '@windicss/config': 1.8.2
      debug: 4.3.3
      fast-glob: 3.2.11
      magic-string: 0.25.9
      micromatch: 4.0.4
      windicss: 3.5.1
    transitivePeerDependencies:
      - supports-color
    dev: true

  /acorn/7.4.1:
    resolution: {integrity: sha512-nQyp0o1/mNdbTO1PO6kHkwSrmgZ0MT/jCCpNiwbUjGoRN4dlBhqJtoQuCnEOKzgTVwg0ZWiCoQy6SxMebQVh8A==}
    engines: {node: '>=0.4.0'}
    hasBin: true
    dev: true

  /asap/2.0.6:
    resolution: {integrity: sha1-5QNHYR1+aQlDIIu9r+vLwvuGbUY=}
    dev: true

  /assert-never/1.2.1:
    resolution: {integrity: sha512-TaTivMB6pYI1kXwrFlEhLeGfOqoDNdTxjCdwRfFFkEA30Eu+k48W34nlok2EYWJfFFzqaEmichdNM7th6M5HNw==}
    dev: true

  /autoprefixer/10.4.2_postcss@8.4.7:
    resolution: {integrity: sha512-9fOPpHKuDW1w/0EKfRmVnxTDt8166MAnLI3mgZ1JCnhNtYWxcJ6Ud5CO/AVOZi/AvFa8DY9RTy3h3+tFBlrrdQ==}
    engines: {node: ^10 || ^12 || >=14}
    hasBin: true
    peerDependencies:
      postcss: ^8.1.0
    dependencies:
      browserslist: 4.19.3
      caniuse-lite: 1.0.30001313
      fraction.js: 4.1.3
      normalize-range: 0.1.2
      picocolors: 1.0.0
      postcss: 8.4.7
      postcss-value-parser: 4.2.0
    dev: true

  /babel-walk/3.0.0-canary-5:
    resolution: {integrity: sha512-GAwkz0AihzY5bkwIY5QDR+LvsRQgB/B+1foMPvi0FZPMl5fjD7ICiznUiBdLYMH1QYe6vqu4gWYytZOccLouFw==}
    engines: {node: '>= 10.0.0'}
    dependencies:
      '@babel/types': 7.17.0
    dev: true

  /balanced-match/1.0.2:
    resolution: {integrity: sha512-3oSeUO0TMV67hN1AmbXsK4yaqU7tjiHlbxRDZOpH0KW9+CeX4bRAaX0Anxt0tx2MrpRpWwQaPwIlISEJhYU5Pw==}
    dev: true

  /braces/3.0.2:
    resolution: {integrity: sha512-b8um+L1RzM3WDSzvhm6gIz1yfTbBt6YTlcEKAvsmqCZZFw46z626lVj9j1yEPW33H5H+lBQpZMP1k8l+78Ha0A==}
    engines: {node: '>=8'}
    dependencies:
      fill-range: 7.0.1
    dev: true

  /browserslist/4.19.3:
    resolution: {integrity: sha512-XK3X4xtKJ+Txj8G5c30B4gsm71s69lqXlkYui4s6EkKxuv49qjYlY6oVd+IFJ73d4YymtM3+djvvt/R/iJwwDg==}
    engines: {node: ^6 || ^7 || ^8 || ^9 || ^10 || ^11 || ^12 || >=13.7}
    hasBin: true
    dependencies:
      caniuse-lite: 1.0.30001313
      electron-to-chromium: 1.4.75
      escalade: 3.1.1
      node-releases: 2.0.2
      picocolors: 1.0.0
    dev: true

  /call-bind/1.0.2:
    resolution: {integrity: sha512-7O+FbCihrB5WGbFYesctwmTKae6rOiIzmz1icreWJ+0aA7LJfuqhEso2T9ncpcFtzMQtzXf2QGGueWJGTYsqrA==}
    dependencies:
      function-bind: 1.1.1
      get-intrinsic: 1.1.1
    dev: true

  /caniuse-lite/1.0.30001313:
    resolution: {integrity: sha512-rI1UN0koZUiKINjysQDuRi2VeSCce3bYJNmDcj3PIKREiAmjakugBul1QSkg/fPrlULYl6oWfGg3PbgOSY9X4Q==}
    dev: true

  /character-parser/2.2.0:
    resolution: {integrity: sha1-x84o821LzZdE5f/CxfzeHHMmH8A=}
    dependencies:
      is-regex: 1.1.4
    dev: true

  /comlink/4.3.1:
    resolution: {integrity: sha512-+YbhUdNrpBZggBAHWcgQMLPLH1KDF3wJpeqrCKieWQ8RL7atmgsgTQko1XEBK6PsecfopWNntopJ+ByYG1lRaA==}
    dev: false

  /constantinople/4.0.1:
    resolution: {integrity: sha512-vCrqcSIq4//Gx74TXXCGnHpulY1dskqLTFGDmhrGxzeXL8lF8kvXv6mpNWlJj1uD4DW23D4ljAqbY4RRaaUZIw==}
    dependencies:
      '@babel/parser': 7.17.3
      '@babel/types': 7.17.0
    dev: true

  /css-blank-pseudo/3.0.3_postcss@8.4.7:
    resolution: {integrity: sha512-VS90XWtsHGqoM0t4KpH053c4ehxZ2E6HtGI7x68YFV0pTo/QmkV/YFA+NnlvK8guxZVNWGQhVNJGC39Q8XF4OQ==}
    engines: {node: ^12 || ^14 || >=16}
    hasBin: true
    peerDependencies:
      postcss: ^8.4
    dependencies:
      postcss: 8.4.7
      postcss-selector-parser: 6.0.9
    dev: true

  /css-has-pseudo/3.0.4_postcss@8.4.7:
    resolution: {integrity: sha512-Vse0xpR1K9MNlp2j5w1pgWIJtm1a8qS0JwS9goFYcImjlHEmywP9VUF05aGBXzGpDJF86QXk4L0ypBmwPhGArw==}
    engines: {node: ^12 || ^14 || >=16}
    hasBin: true
    peerDependencies:
      postcss: ^8.4
    dependencies:
      postcss: 8.4.7
      postcss-selector-parser: 6.0.9
    dev: true

  /css-prefers-color-scheme/6.0.3_postcss@8.4.7:
    resolution: {integrity: sha512-4BqMbZksRkJQx2zAjrokiGMd07RqOa2IxIrrN10lyBe9xhn9DEvjUK79J6jkeiv9D9hQFXKb6g1jwU62jziJZA==}
    engines: {node: ^12 || ^14 || >=16}
    hasBin: true
    peerDependencies:
      postcss: ^8.4
    dependencies:
      postcss: 8.4.7
    dev: true

  /cssdb/6.4.0:
    resolution: {integrity: sha512-8NMWrur/ewSNrRNZndbtOTXc2Xb2b+NCTPHj8VErFYvJUlgsMAiBGaFaxG6hjy9zbCjj2ZLwSQrMM+tormO8qA==}
    dev: true

  /cssesc/3.0.0:
    resolution: {integrity: sha512-/Tb/JcjK111nNScGob5MNtsntNM1aCNUDipB/TkwZFhyDrrE47SOx/18wF2bbjgc3ZzCSKW1T5nt5EbFoAz/Vg==}
    engines: {node: '>=4'}
    hasBin: true
    dev: true

  /debug/4.3.3:
    resolution: {integrity: sha512-/zxw5+vh1Tfv+4Qn7a5nsbcJKPaSvCDhojn6FEl9vupwK2VCSDtEiEtqr8DFtzYFOdz63LBkxec7DYuc2jon6Q==}
    engines: {node: '>=6.0'}
    peerDependencies:
      supports-color: '*'
    peerDependenciesMeta:
      supports-color:
        optional: true
    dependencies:
      ms: 2.1.2
    dev: true

  /doctypes/1.1.0:
    resolution: {integrity: sha1-6oCxBqh1OHdOijpKWv4pPeSJ4Kk=}
    dev: true

  /electron-to-chromium/1.4.75:
    resolution: {integrity: sha512-LxgUNeu3BVU7sXaKjUDD9xivocQLxFtq6wgERrutdY/yIOps3ODOZExK1jg8DTEg4U8TUCb5MLGeWFOYuxjF3Q==}
    dev: true

  /esbuild-android-64/0.14.25:
    resolution: {integrity: sha512-L5vCUk7TzFbBnoESNoXjU3x9+/+7TDIE/1mTfy/erAfvZAqC+S3sp/Qa9wkypFMcFvN9FzvESkTlpeQDolREtQ==}
    engines: {node: '>=12'}
    cpu: [x64]
    os: [android]
    requiresBuild: true
    dev: true
    optional: true

  /esbuild-android-arm64/0.14.25:
    resolution: {integrity: sha512-4jv5xPjM/qNm27T5j3ZEck0PvjgQtoMHnz4FzwF5zNP56PvY2CT0WStcAIl6jNlsuDdN63rk2HRBIsO6xFbcFw==}
    engines: {node: '>=12'}
    cpu: [arm64]
    os: [android]
    requiresBuild: true
    dev: true
    optional: true

  /esbuild-darwin-64/0.14.25:
    resolution: {integrity: sha512-TGp8tuudIxOyWd1+8aYPxQmC1ZQyvij/AfNBa35RubixD0zJ1vkKHVAzo0Zao1zcG6pNqiSyzfPto8vmg0s7oA==}
    engines: {node: '>=12'}
    cpu: [x64]
    os: [darwin]
    requiresBuild: true
    dev: true
    optional: true

  /esbuild-darwin-arm64/0.14.25:
    resolution: {integrity: sha512-oTcDgdm0MDVEmw2DWu8BV68pYuImpFgvWREPErBZmNA4MYKGuBRaCiJqq6jZmBR1x+3y1DWCjez+5uLtuAm6mw==}
    engines: {node: '>=12'}
    cpu: [arm64]
    os: [darwin]
    requiresBuild: true
    dev: true
    optional: true

  /esbuild-freebsd-64/0.14.25:
    resolution: {integrity: sha512-ueAqbnMZ8arnuLH8tHwTCQYeptnHOUV7vA6px6j4zjjQwDx7TdP7kACPf3TLZLdJQ3CAD1XCvQ2sPhX+8tacvQ==}
    engines: {node: '>=12'}
    cpu: [x64]
    os: [freebsd]
    requiresBuild: true
    dev: true
    optional: true

  /esbuild-freebsd-arm64/0.14.25:
    resolution: {integrity: sha512-+ZVWud2HKh+Ob6k/qiJWjBtUg4KmJGGmbvEXXW1SNKS7hW7HU+Zq2ZCcE1akFxOPkVB+EhOty/sSek30tkCYug==}
    engines: {node: '>=12'}
    cpu: [arm64]
    os: [freebsd]
    requiresBuild: true
    dev: true
    optional: true

  /esbuild-linux-32/0.14.25:
    resolution: {integrity: sha512-3OP/lwV3kCzEz45tobH9nj+uE4ubhGsfx+tn0L26WAGtUbmmcRpqy7XRG/qK7h1mClZ+eguIANcQntYMdYklfw==}
    engines: {node: '>=12'}
    cpu: [ia32]
    os: [linux]
    requiresBuild: true
    dev: true
    optional: true

  /esbuild-linux-64/0.14.25:
    resolution: {integrity: sha512-+aKHdHZmX9qwVlQmu5xYXh7GsBFf4TWrePgeJTalhXHOG7NNuUwoHmketGiZEoNsWyyqwH9rE5BC+iwcLY30Ug==}
    engines: {node: '>=12'}
    cpu: [x64]
    os: [linux]
    requiresBuild: true
    dev: true
    optional: true

  /esbuild-linux-arm/0.14.25:
    resolution: {integrity: sha512-aTLcE2VBoLydL943REcAcgnDi3bHtmULSXWLbjtBdtykRatJVSxKMjK9YlBXUZC4/YcNQfH7AxwVeQr9fNxPhw==}
    engines: {node: '>=12'}
    cpu: [arm]
    os: [linux]
    requiresBuild: true
    dev: true
    optional: true

  /esbuild-linux-arm64/0.14.25:
    resolution: {integrity: sha512-UxfenPx/wSZx55gScCImPtXekvZQLI2GW3qe5dtlmU7luiqhp5GWPzGeQEbD3yN3xg/pHc671m5bma5Ns7lBHw==}
    engines: {node: '>=12'}
    cpu: [arm64]
    os: [linux]
    requiresBuild: true
    dev: true
    optional: true

  /esbuild-linux-mips64le/0.14.25:
    resolution: {integrity: sha512-wLWYyqVfYx9Ur6eU5RT92yJVsaBGi5RdkoWqRHOqcJ38Kn60QMlcghsKeWfe9jcYut8LangYZ98xO1LxIoSXrQ==}
    engines: {node: '>=12'}
    cpu: [mips64el]
    os: [linux]
    requiresBuild: true
    dev: true
    optional: true

  /esbuild-linux-ppc64le/0.14.25:
    resolution: {integrity: sha512-0dR6Csl6Zas3g4p9ULckEl8Mo8IInJh33VCJ3eaV1hj9+MHGdmDOakYMN8MZP9/5nl+NU/0ygpd14cWgy8uqRw==}
    engines: {node: '>=12'}
    cpu: [ppc64]
    os: [linux]
    requiresBuild: true
    dev: true
    optional: true

  /esbuild-linux-riscv64/0.14.25:
    resolution: {integrity: sha512-J4d20HDmTrgvhR0bdkDhvvJGaikH3LzXQnNaseo8rcw9Yqby9A90gKUmWpfwqLVNRILvNnAmKLfBjCKU9ajg8w==}
    engines: {node: '>=12'}
    cpu: [riscv64]
    os: [linux]
    requiresBuild: true
    dev: true
    optional: true

  /esbuild-linux-s390x/0.14.25:
    resolution: {integrity: sha512-YI2d5V6nTE73ZnhEKQD7MtsPs1EtUZJ3obS21oxQxGbbRw1G+PtJKjNyur+3t6nzHP9oTg6GHQ3S3hOLLmbDIQ==}
    engines: {node: '>=12'}
    cpu: [s390x]
    os: [linux]
    requiresBuild: true
    dev: true
    optional: true

  /esbuild-netbsd-64/0.14.25:
    resolution: {integrity: sha512-TKIVgNWLUOkr+Exrye70XTEE1lJjdQXdM4tAXRzfHE9iBA7LXWcNtVIuSnphTqpanPzTDFarF0yqq4kpbC6miA==}
    engines: {node: '>=12'}
    cpu: [x64]
    os: [netbsd]
    requiresBuild: true
    dev: true
    optional: true

  /esbuild-openbsd-64/0.14.25:
    resolution: {integrity: sha512-QgFJ37A15D7NIXBTYEqz29+uw3nNBOIyog+3kFidANn6kjw0GHZ0lEYQn+cwjyzu94WobR+fes7cTl/ZYlHb1A==}
    engines: {node: '>=12'}
    cpu: [x64]
    os: [openbsd]
    requiresBuild: true
    dev: true
    optional: true

  /esbuild-sunos-64/0.14.25:
    resolution: {integrity: sha512-rmWfjUItYIVlqr5EnTH1+GCxXiBOC42WBZ3w++qh7n2cS9Xo0lO5pGSG2N+huOU2fX5L+6YUuJ78/vOYvefeFw==}
    engines: {node: '>=12'}
    cpu: [x64]
    os: [sunos]
    requiresBuild: true
    dev: true
    optional: true

  /esbuild-windows-32/0.14.25:
    resolution: {integrity: sha512-HGAxVUofl3iUIz9W10Y9XKtD0bNsK9fBXv1D55N/ljNvkrAYcGB8YCm0v7DjlwtyS6ws3dkdQyXadbxkbzaKOA==}
    engines: {node: '>=12'}
    cpu: [ia32]
    os: [win32]
    requiresBuild: true
    dev: true
    optional: true

  /esbuild-windows-64/0.14.25:
    resolution: {integrity: sha512-TirEohRkfWU9hXLgoDxzhMQD1g8I2mOqvdQF2RS9E/wbkORTAqJHyh7wqGRCQAwNzdNXdg3JAyhQ9/177AadWA==}
    engines: {node: '>=12'}
    cpu: [x64]
    os: [win32]
    requiresBuild: true
    dev: true
    optional: true

  /esbuild-windows-arm64/0.14.25:
    resolution: {integrity: sha512-4ype9ERiI45rSh+R8qUoBtaj6kJvUOI7oVLhKqPEpcF4Pa5PpT3hm/mXAyotJHREkHpM87PAJcA442mLnbtlNA==}
    engines: {node: '>=12'}
    cpu: [arm64]
    os: [win32]
    requiresBuild: true
    dev: true
    optional: true

  /esbuild/0.14.25:
    resolution: {integrity: sha512-4JHEIOMNFvK09ziiL+iVmldIhLbn49V4NAVo888tcGFKedEZY/Y8YapfStJ6zSE23tzYPKxqKwQBnQoIO0BI/Q==}
    engines: {node: '>=12'}
    hasBin: true
    requiresBuild: true
    optionalDependencies:
      esbuild-android-64: 0.14.25
      esbuild-android-arm64: 0.14.25
      esbuild-darwin-64: 0.14.25
      esbuild-darwin-arm64: 0.14.25
      esbuild-freebsd-64: 0.14.25
      esbuild-freebsd-arm64: 0.14.25
      esbuild-linux-32: 0.14.25
      esbuild-linux-64: 0.14.25
      esbuild-linux-arm: 0.14.25
      esbuild-linux-arm64: 0.14.25
      esbuild-linux-mips64le: 0.14.25
      esbuild-linux-ppc64le: 0.14.25
      esbuild-linux-riscv64: 0.14.25
      esbuild-linux-s390x: 0.14.25
      esbuild-netbsd-64: 0.14.25
      esbuild-openbsd-64: 0.14.25
      esbuild-sunos-64: 0.14.25
      esbuild-windows-32: 0.14.25
      esbuild-windows-64: 0.14.25
      esbuild-windows-arm64: 0.14.25
    dev: true

  /escalade/3.1.1:
    resolution: {integrity: sha512-k0er2gUkLf8O0zKJiAhmkTnJlTvINGv7ygDNPbeIsX/TJjGJZHuh9B2UxbsaEkmlEo9MfhrSzmhIlhRlI2GXnw==}
    engines: {node: '>=6'}
    dev: true

  /fast-glob/3.2.11:
    resolution: {integrity: sha512-xrO3+1bxSo3ZVHAnqzyuewYT6aMFHRAd4Kcs92MAonjwQZLsK9d0SF1IyQ3k5PoirxTW0Oe/RqFgMQ6TcNE5Ew==}
    engines: {node: '>=8.6.0'}
    dependencies:
      '@nodelib/fs.stat': 2.0.5
      '@nodelib/fs.walk': 1.2.8
      glob-parent: 5.1.2
      merge2: 1.4.1
      micromatch: 4.0.4
    dev: true

  /fastq/1.13.0:
    resolution: {integrity: sha512-YpkpUnK8od0o1hmeSc7UUs/eB/vIPWJYjKck2QKIzAf71Vm1AAQ3EbuZB3g2JIy+pg+ERD0vqI79KyZiB2e2Nw==}
    dependencies:
      reusify: 1.0.4
    dev: true

  /fill-range/7.0.1:
    resolution: {integrity: sha512-qOo9F+dMUmC2Lcb4BbVvnKJxTPjCm+RRpe4gDuGrzkL7mEVl/djYSu2OdQ2Pa302N4oqkSg9ir6jaLWJ2USVpQ==}
    engines: {node: '>=8'}
    dependencies:
      to-regex-range: 5.0.1
    dev: true

  /fraction.js/4.1.3:
    resolution: {integrity: sha512-pUHWWt6vHzZZiQJcM6S/0PXfS+g6FM4BF5rj9wZyreivhQPdsh5PpE25VtSNxq80wHS5RfY51Ii+8Z0Zl/pmzg==}
    dev: true

  /fsevents/2.3.2:
    resolution: {integrity: sha512-xiqMQR4xAeHTuB9uWm+fFRcIOgKBMiOBP+eXiyT7jsgVCq1bkVygt00oASowB7EdtpOHaaPgKt812P9ab+DDKA==}
    engines: {node: ^8.16.0 || ^10.6.0 || >=11.0.0}
    os: [darwin]
    requiresBuild: true
    dev: true
    optional: true

  /function-bind/1.1.1:
    resolution: {integrity: sha512-yIovAzMX49sF8Yl58fSCWJ5svSLuaibPxXQJFLmBObTuCr0Mf1KiPopGM9NiFjiYBCbfaa2Fh6breQ6ANVTI0A==}
    dev: true

  /get-intrinsic/1.1.1:
    resolution: {integrity: sha512-kWZrnVM42QCiEA2Ig1bG8zjoIMOgxWwYCEeNdwY6Tv/cOSeGpcoX4pXHfKUxNKVoArnrEr2e9srnAxxGIraS9Q==}
    dependencies:
      function-bind: 1.1.1
      has: 1.0.3
      has-symbols: 1.0.3
    dev: true

  /glob-parent/5.1.2:
    resolution: {integrity: sha512-AOIgSQCepiJYwP3ARnGx+5VnTu2HBYdzbGP45eLw1vr3zB3vZLeyed1sC9hnbcOc9/SrMyM5RPQrkGz4aS9Zow==}
    engines: {node: '>= 6'}
    dependencies:
      is-glob: 4.0.3
    dev: true

  /has-symbols/1.0.3:
    resolution: {integrity: sha512-l3LCuF6MgDNwTDKkdYGEihYjt5pRPbEg46rtlmnSPlUbgmB8LOIrKJbYYFBSbnPaJexMKtiPO8hmeRjRz2Td+A==}
    engines: {node: '>= 0.4'}
    dev: true

  /has-tostringtag/1.0.0:
    resolution: {integrity: sha512-kFjcSNhnlGV1kyoGk7OXKSawH5JOb/LzUc5w9B02hOTO0dfFRjbHQKvg1d6cf3HbeUmtU9VbbV3qzZ2Teh97WQ==}
    engines: {node: '>= 0.4'}
    dependencies:
      has-symbols: 1.0.3
    dev: true

  /has/1.0.3:
    resolution: {integrity: sha512-f2dvO0VU6Oej7RkWJGrehjbzMAjFp5/VKPp5tTpWIV4JHHZK1/BxbFRtf/siA2SWTe09caDmVtYYzWEIbBS4zw==}
    engines: {node: '>= 0.4.0'}
    dependencies:
      function-bind: 1.1.1
    dev: true

  /is-core-module/2.8.1:
    resolution: {integrity: sha512-SdNCUs284hr40hFTFP6l0IfZ/RSrMXF3qgoRHd3/79unUTvrFO/JoXwkGm+5J/Oe3E/b5GsnG330uUNgRpu1PA==}
    dependencies:
      has: 1.0.3
    dev: true

  /is-expression/4.0.0:
    resolution: {integrity: sha512-zMIXX63sxzG3XrkHkrAPvm/OVZVSCPNkwMHU8oTX7/U3AL78I0QXCEICXUM13BIa8TYGZ68PiTKfQz3yaTNr4A==}
    dependencies:
      acorn: 7.4.1
      object-assign: 4.1.1
    dev: true

  /is-extglob/2.1.1:
    resolution: {integrity: sha1-qIwCU1eR8C7TfHahueqXc8gz+MI=}
    engines: {node: '>=0.10.0'}
    dev: true

  /is-glob/4.0.3:
    resolution: {integrity: sha512-xelSayHH36ZgE7ZWhli7pW34hNbNl8Ojv5KVmkJD4hBdD3th8Tfk9vYasLM+mXWOZhFkgZfxhLSnrwRr4elSSg==}
    engines: {node: '>=0.10.0'}
    dependencies:
      is-extglob: 2.1.1
    dev: true

  /is-number/7.0.0:
    resolution: {integrity: sha512-41Cifkg6e8TylSpdtTpeLVMqvSBEVzTttHvERD741+pnZ8ANv0004MRL43QKPDlK9cGvNp6NZWZUBlbGXYxxng==}
    engines: {node: '>=0.12.0'}
    dev: true

  /is-promise/2.2.2:
    resolution: {integrity: sha512-+lP4/6lKUBfQjZ2pdxThZvLUAafmZb8OAxFb8XXtiQmS35INgr85hdOGoEs124ez1FCnZJt6jau/T+alh58QFQ==}
    dev: true

  /is-regex/1.1.4:
    resolution: {integrity: sha512-kvRdxDsxZjhzUX07ZnLydzS1TU/TJlTUHHY4YLL87e37oUA49DfkLqgy+VjFocowy29cKvcSiu+kIv728jTTVg==}
    engines: {node: '>= 0.4'}
    dependencies:
      call-bind: 1.0.2
      has-tostringtag: 1.0.0
    dev: true

  /jiti/1.13.0:
    resolution: {integrity: sha512-/n9mNxZj/HDSrincJ6RP+L+yXbpnB8FybySBa+IjIaoH9FIxBbrbRT5XUbe8R7zuVM2AQqNMNDDqz0bzx3znOQ==}
    hasBin: true
    dev: true

  /js-stringify/1.0.2:
    resolution: {integrity: sha1-Fzb939lyTyijaCrcYjCufk6Weds=}
    dev: true

  /jstransformer/1.0.0:
    resolution: {integrity: sha1-7Yvwkh4vPx7U1cGkT2hwntJHIsM=}
    dependencies:
      is-promise: 2.2.2
      promise: 7.3.1
    dev: true

  /kolorist/1.5.1:
    resolution: {integrity: sha512-lxpCM3HTvquGxKGzHeknB/sUjuVoUElLlfYnXZT73K8geR9jQbroGlSCFBax9/0mpGoD3kzcMLnOlGQPJJNyqQ==}
    dev: true

  /magic-string/0.25.9:
    resolution: {integrity: sha512-RmF0AsMzgt25qzqqLc1+MbHmhdx0ojF2Fvs4XnOqz2ZOBXzzkEwc/dJQZCYHAn7v1jbVOjAZfK8msRn4BxO4VQ==}
    dependencies:
      sourcemap-codec: 1.4.8
    dev: true

  /merge2/1.4.1:
    resolution: {integrity: sha512-8q7VEgMJW4J8tcfVPy8g09NcQwZdbwFEqhe/WZkoIzjn/3TGDwtOCYtXGxA3O8tPzpczCCDgv+P2P5y00ZJOOg==}
    engines: {node: '>= 8'}
    dev: true

  /micromatch/4.0.4:
    resolution: {integrity: sha512-pRmzw/XUcwXGpD9aI9q/0XOwLNygjETJ8y0ao0wdqprrzDa4YnxLcz7fQRZr8voh8V10kGhABbNcHVk5wHgWwg==}
    engines: {node: '>=8.6'}
    dependencies:
      braces: 3.0.2
      picomatch: 2.3.1
    dev: true

  /ms/2.1.2:
    resolution: {integrity: sha512-sGkPx+VjMtmA6MX27oA4FBFELFCZZ4S4XqeGOXCv68tT+jb3vk/RyaKWP0PTKyWtmLSM0b+adUTEvbs1PEaH2w==}
    dev: true

  /nanoid/3.3.1:
    resolution: {integrity: sha512-n6Vs/3KGyxPQd6uO0eH4Bv0ojGSUvuLlIHtC3Y0kEO23YRge8H9x1GCzLn28YX0H66pMkxuaeESFq4tKISKwdw==}
    engines: {node: ^10 || ^12 || ^13.7 || ^14 || >=15.0.1}
    hasBin: true
    dev: true

  /node-releases/2.0.2:
    resolution: {integrity: sha512-XxYDdcQ6eKqp/YjI+tb2C5WM2LgjnZrfYg4vgQt49EK268b6gYCHsBLrK2qvJo4FmCtqmKezb0WZFK4fkrZNsg==}
    dev: true

  /normalize-range/0.1.2:
    resolution: {integrity: sha1-LRDAa9/TEuqXd2laTShDlFa3WUI=}
    engines: {node: '>=0.10.0'}
    dev: true

  /object-assign/4.1.1:
    resolution: {integrity: sha1-IQmtx5ZYh8/AXLvUQsrIv7s2CGM=}
    engines: {node: '>=0.10.0'}
    dev: true

  /path-parse/1.0.7:
    resolution: {integrity: sha512-LDJzPVEEEPR+y48z93A0Ed0yXb8pAByGWo/k5YYdYgpY2/2EsOsksJrq7lOHxryrVOn1ejG6oAp8ahvOIQD8sw==}
    dev: true

  /picocolors/1.0.0:
    resolution: {integrity: sha512-1fygroTLlHu66zi26VoTDv8yRgm0Fccecssto+MhsZ0D/DGW2sm8E8AjW7NU5VVTRt5GxbeZ5qBuJr+HyLYkjQ==}
    dev: true

  /picomatch/2.3.1:
    resolution: {integrity: sha512-JU3teHTNjmE2VCGFzuY8EXzCDVwEqB2a8fsIvwaStHhAWJEeVd1o1QD80CU6+ZdEXXSLbSsuLwJjkCBWqRQUVA==}
    engines: {node: '>=8.6'}
    dev: true

  /postcss-attribute-case-insensitive/5.0.0_postcss@8.4.7:
    resolution: {integrity: sha512-b4g9eagFGq9T5SWX4+USfVyjIb3liPnjhHHRMP7FMB2kFVpYyfEscV0wP3eaXhKlcHKUut8lt5BGoeylWA/dBQ==}
    peerDependencies:
      postcss: ^8.0.2
    dependencies:
      postcss: 8.4.7
      postcss-selector-parser: 6.0.9
    dev: true

  /postcss-color-functional-notation/4.2.2_postcss@8.4.7:
    resolution: {integrity: sha512-DXVtwUhIk4f49KK5EGuEdgx4Gnyj6+t2jBSEmxvpIK9QI40tWrpS2Pua8Q7iIZWBrki2QOaeUdEaLPPa91K0RQ==}
    engines: {node: ^12 || ^14 || >=16}
    peerDependencies:
      postcss: ^8.4
    dependencies:
      postcss: 8.4.7
      postcss-value-parser: 4.2.0
    dev: true

  /postcss-color-hex-alpha/8.0.3_postcss@8.4.7:
    resolution: {integrity: sha512-fESawWJCrBV035DcbKRPAVmy21LpoyiXdPTuHUfWJ14ZRjY7Y7PA6P4g8z6LQGYhU1WAxkTxjIjurXzoe68Glw==}
    engines: {node: ^12 || ^14 || >=16}
    peerDependencies:
      postcss: ^8.4
    dependencies:
      postcss: 8.4.7
      postcss-value-parser: 4.2.0
    dev: true

  /postcss-color-rebeccapurple/7.0.2_postcss@8.4.7:
    resolution: {integrity: sha512-SFc3MaocHaQ6k3oZaFwH8io6MdypkUtEy/eXzXEB1vEQlO3S3oDc/FSZA8AsS04Z25RirQhlDlHLh3dn7XewWw==}
    engines: {node: ^12 || ^14 || >=16}
    peerDependencies:
      postcss: ^8.3
    dependencies:
      postcss: 8.4.7
      postcss-value-parser: 4.2.0
    dev: true

  /postcss-custom-media/8.0.0_postcss@8.4.7:
    resolution: {integrity: sha512-FvO2GzMUaTN0t1fBULDeIvxr5IvbDXcIatt6pnJghc736nqNgsGao5NT+5+WVLAQiTt6Cb3YUms0jiPaXhL//g==}
    engines: {node: '>=10.0.0'}
    peerDependencies:
      postcss: ^8.1.0
    dependencies:
      postcss: 8.4.7
    dev: true

  /postcss-custom-properties/12.1.4_postcss@8.4.7:
    resolution: {integrity: sha512-i6AytuTCoDLJkWN/MtAIGriJz3j7UX6bV7Z5t+KgFz+dwZS15/mlTJY1S0kRizlk6ba0V8u8hN50Fz5Nm7tdZw==}
    engines: {node: ^12 || ^14 || >=16}
    peerDependencies:
      postcss: ^8.4
    dependencies:
      postcss: 8.4.7
      postcss-value-parser: 4.2.0
    dev: true

  /postcss-custom-selectors/6.0.0_postcss@8.4.7:
    resolution: {integrity: sha512-/1iyBhz/W8jUepjGyu7V1OPcGbc636snN1yXEQCinb6Bwt7KxsiU7/bLQlp8GwAXzCh7cobBU5odNn/2zQWR8Q==}
    engines: {node: '>=10.0.0'}
    peerDependencies:
      postcss: ^8.1.2
    dependencies:
      postcss: 8.4.7
      postcss-selector-parser: 6.0.9
    dev: true

  /postcss-dir-pseudo-class/6.0.4_postcss@8.4.7:
    resolution: {integrity: sha512-I8epwGy5ftdzNWEYok9VjW9whC4xnelAtbajGv4adql4FIF09rnrxnA9Y8xSHN47y7gqFIv10C5+ImsLeJpKBw==}
    engines: {node: ^12 || ^14 || >=16}
    peerDependencies:
      postcss: ^8.4
    dependencies:
      postcss: 8.4.7
      postcss-selector-parser: 6.0.9
    dev: true

  /postcss-double-position-gradients/3.1.0_postcss@8.4.7:
    resolution: {integrity: sha512-oz73I08yMN3oxjj0s8mED1rG+uOYoK3H8N9RjQofyg52KBRNmePJKg3fVwTpL2U5ZFbCzXoZBsUD/CvZdlqE4Q==}
    engines: {node: ^12 || ^14 || >=16}
    peerDependencies:
      postcss: ^8.4
    dependencies:
      '@csstools/postcss-progressive-custom-properties': 1.2.0_postcss@8.4.7
      postcss: 8.4.7
      postcss-value-parser: 4.2.0
    dev: true

  /postcss-env-function/4.0.5_postcss@8.4.7:
    resolution: {integrity: sha512-gPUJc71ji9XKyl0WSzAalBeEA/89kU+XpffpPxSaaaZ1c48OL36r1Ep5R6+9XAPkIiDlSvVAwP4io12q/vTcvA==}
    engines: {node: ^12 || ^14 || >=16}
    peerDependencies:
      postcss: ^8.4
    dependencies:
      postcss: 8.4.7
      postcss-value-parser: 4.2.0
    dev: true

  /postcss-focus-visible/6.0.4_postcss@8.4.7:
    resolution: {integrity: sha512-QcKuUU/dgNsstIK6HELFRT5Y3lbrMLEOwG+A4s5cA+fx3A3y/JTq3X9LaOj3OC3ALH0XqyrgQIgey/MIZ8Wczw==}
    engines: {node: ^12 || ^14 || >=16}
    peerDependencies:
      postcss: ^8.4
    dependencies:
      postcss: 8.4.7
      postcss-selector-parser: 6.0.9
    dev: true

  /postcss-focus-within/5.0.4_postcss@8.4.7:
    resolution: {integrity: sha512-vvjDN++C0mu8jz4af5d52CB184ogg/sSxAFS+oUJQq2SuCe7T5U2iIsVJtsCp2d6R4j0jr5+q3rPkBVZkXD9fQ==}
    engines: {node: ^12 || ^14 || >=16}
    peerDependencies:
      postcss: ^8.4
    dependencies:
      postcss: 8.4.7
      postcss-selector-parser: 6.0.9
    dev: true

  /postcss-font-variant/5.0.0_postcss@8.4.7:
    resolution: {integrity: sha512-1fmkBaCALD72CK2a9i468mA/+tr9/1cBxRRMXOUaZqO43oWPR5imcyPjXwuv7PXbCid4ndlP5zWhidQVVa3hmA==}
    peerDependencies:
      postcss: ^8.1.0
    dependencies:
      postcss: 8.4.7
    dev: true

  /postcss-gap-properties/3.0.3_postcss@8.4.7:
    resolution: {integrity: sha512-rPPZRLPmEKgLk/KlXMqRaNkYTUpE7YC+bOIQFN5xcu1Vp11Y4faIXv6/Jpft6FMnl6YRxZqDZG0qQOW80stzxQ==}
    engines: {node: ^12 || ^14 || >=16}
    peerDependencies:
      postcss: ^8.4
    dependencies:
      postcss: 8.4.7
    dev: true

  /postcss-image-set-function/4.0.6_postcss@8.4.7:
    resolution: {integrity: sha512-KfdC6vg53GC+vPd2+HYzsZ6obmPqOk6HY09kttU19+Gj1nC3S3XBVEXDHxkhxTohgZqzbUb94bKXvKDnYWBm/A==}
    engines: {node: ^12 || ^14 || >=16}
    peerDependencies:
      postcss: ^8.4
    dependencies:
      postcss: 8.4.7
      postcss-value-parser: 4.2.0
    dev: true

  /postcss-initial/4.0.1_postcss@8.4.7:
    resolution: {integrity: sha512-0ueD7rPqX8Pn1xJIjay0AZeIuDoF+V+VvMt/uOnn+4ezUKhZM/NokDeP6DwMNyIoYByuN/94IQnt5FEkaN59xQ==}
    peerDependencies:
      postcss: ^8.0.0
    dependencies:
      postcss: 8.4.7
    dev: true

  /postcss-lab-function/4.1.1_postcss@8.4.7:
    resolution: {integrity: sha512-j3Z0WQCimY2tMle++YcmygnnVbt6XdnrCV1FO2IpzaCSmtTF2oO8h4ZYUA1Q+QHYroIiaWPvNHt9uBR4riCksQ==}
    engines: {node: ^12 || ^14 || >=16}
    peerDependencies:
      postcss: ^8.4
    dependencies:
      '@csstools/postcss-progressive-custom-properties': 1.2.0_postcss@8.4.7
      postcss: 8.4.7
      postcss-value-parser: 4.2.0
    dev: true

  /postcss-logical/5.0.4_postcss@8.4.7:
    resolution: {integrity: sha512-RHXxplCeLh9VjinvMrZONq7im4wjWGlRJAqmAVLXyZaXwfDWP73/oq4NdIp+OZwhQUMj0zjqDfM5Fj7qby+B4g==}
    engines: {node: ^12 || ^14 || >=16}
    peerDependencies:
      postcss: ^8.4
    dependencies:
      postcss: 8.4.7
    dev: true

  /postcss-media-minmax/5.0.0_postcss@8.4.7:
    resolution: {integrity: sha512-yDUvFf9QdFZTuCUg0g0uNSHVlJ5X1lSzDZjPSFaiCWvjgsvu8vEVxtahPrLMinIDEEGnx6cBe6iqdx5YWz08wQ==}
    engines: {node: '>=10.0.0'}
    peerDependencies:
      postcss: ^8.1.0
    dependencies:
      postcss: 8.4.7
    dev: true

  /postcss-nesting/10.1.3_postcss@8.4.7:
    resolution: {integrity: sha512-wUC+/YCik4wH3StsbC5fBG1s2Z3ZV74vjGqBFYtmYKlVxoio5TYGM06AiaKkQPPlkXWn72HKfS7Cw5PYxnoXSw==}
    engines: {node: ^12 || ^14 || >=16}
    peerDependencies:
      postcss: ^8.4
    dependencies:
      postcss: 8.4.7
      postcss-selector-parser: 6.0.9
    dev: true

  /postcss-opacity-percentage/1.1.2:
    resolution: {integrity: sha512-lyUfF7miG+yewZ8EAk9XUBIlrHyUE6fijnesuz+Mj5zrIHIEw6KcIZSOk/elVMqzLvREmXB83Zi/5QpNRYd47w==}
    engines: {node: ^12 || ^14 || >=16}
    dev: true

  /postcss-overflow-shorthand/3.0.3_postcss@8.4.7:
    resolution: {integrity: sha512-CxZwoWup9KXzQeeIxtgOciQ00tDtnylYIlJBBODqkgS/PU2jISuWOL/mYLHmZb9ZhZiCaNKsCRiLp22dZUtNsg==}
    engines: {node: ^12 || ^14 || >=16}
    peerDependencies:
      postcss: ^8.4
    dependencies:
      postcss: 8.4.7
    dev: true

  /postcss-page-break/3.0.4_postcss@8.4.7:
    resolution: {integrity: sha512-1JGu8oCjVXLa9q9rFTo4MbeeA5FMe00/9C7lN4va606Rdb+HkxXtXsmEDrIraQ11fGz/WvKWa8gMuCKkrXpTsQ==}
    peerDependencies:
      postcss: ^8
    dependencies:
      postcss: 8.4.7
    dev: true

  /postcss-place/7.0.4_postcss@8.4.7:
    resolution: {integrity: sha512-MrgKeiiu5OC/TETQO45kV3npRjOFxEHthsqGtkh3I1rPbZSbXGD/lZVi9j13cYh+NA8PIAPyk6sGjT9QbRyvSg==}
    engines: {node: ^12 || ^14 || >=16}
    peerDependencies:
      postcss: ^8.4
    dependencies:
      postcss: 8.4.7
      postcss-value-parser: 4.2.0
    dev: true

  /postcss-preset-env/7.4.2_postcss@8.4.7:
    resolution: {integrity: sha512-AmOkb8AeNNQwE/z2fHl1iwOIt8J50V8WR0rmLagcgIDoqlJZWjV3NdtOPnLGco1oN8DZe+Ss5B9ULbBeS6HfeA==}
    engines: {node: ^12 || ^14 || >=16}
    peerDependencies:
      postcss: ^8.4
    dependencies:
      '@csstools/postcss-color-function': 1.0.2_postcss@8.4.7
      '@csstools/postcss-font-format-keywords': 1.0.0_postcss@8.4.7
      '@csstools/postcss-hwb-function': 1.0.0_postcss@8.4.7
      '@csstools/postcss-ic-unit': 1.0.0_postcss@8.4.7
      '@csstools/postcss-is-pseudo-class': 2.0.1_postcss@8.4.7
      '@csstools/postcss-normalize-display-values': 1.0.0_postcss@8.4.7
      '@csstools/postcss-oklab-function': 1.0.1_postcss@8.4.7
      '@csstools/postcss-progressive-custom-properties': 1.2.0_postcss@8.4.7
      autoprefixer: 10.4.2_postcss@8.4.7
      browserslist: 4.19.3
      css-blank-pseudo: 3.0.3_postcss@8.4.7
      css-has-pseudo: 3.0.4_postcss@8.4.7
      css-prefers-color-scheme: 6.0.3_postcss@8.4.7
      cssdb: 6.4.0
      postcss: 8.4.7
      postcss-attribute-case-insensitive: 5.0.0_postcss@8.4.7
      postcss-color-functional-notation: 4.2.2_postcss@8.4.7
      postcss-color-hex-alpha: 8.0.3_postcss@8.4.7
      postcss-color-rebeccapurple: 7.0.2_postcss@8.4.7
      postcss-custom-media: 8.0.0_postcss@8.4.7
      postcss-custom-properties: 12.1.4_postcss@8.4.7
      postcss-custom-selectors: 6.0.0_postcss@8.4.7
      postcss-dir-pseudo-class: 6.0.4_postcss@8.4.7
      postcss-double-position-gradients: 3.1.0_postcss@8.4.7
      postcss-env-function: 4.0.5_postcss@8.4.7
      postcss-focus-visible: 6.0.4_postcss@8.4.7
      postcss-focus-within: 5.0.4_postcss@8.4.7
      postcss-font-variant: 5.0.0_postcss@8.4.7
      postcss-gap-properties: 3.0.3_postcss@8.4.7
      postcss-image-set-function: 4.0.6_postcss@8.4.7
      postcss-initial: 4.0.1_postcss@8.4.7
      postcss-lab-function: 4.1.1_postcss@8.4.7
      postcss-logical: 5.0.4_postcss@8.4.7
      postcss-media-minmax: 5.0.0_postcss@8.4.7
      postcss-nesting: 10.1.3_postcss@8.4.7
      postcss-opacity-percentage: 1.1.2
      postcss-overflow-shorthand: 3.0.3_postcss@8.4.7
      postcss-page-break: 3.0.4_postcss@8.4.7
      postcss-place: 7.0.4_postcss@8.4.7
      postcss-pseudo-class-any-link: 7.1.1_postcss@8.4.7
      postcss-replace-overflow-wrap: 4.0.0_postcss@8.4.7
      postcss-selector-not: 5.0.0_postcss@8.4.7
      postcss-value-parser: 4.2.0
    dev: true

  /postcss-pseudo-class-any-link/7.1.1_postcss@8.4.7:
    resolution: {integrity: sha512-JRoLFvPEX/1YTPxRxp1JO4WxBVXJYrSY7NHeak5LImwJ+VobFMwYDQHvfTXEpcn+7fYIeGkC29zYFhFWIZD8fg==}
    engines: {node: ^12 || ^14 || >=16}
    peerDependencies:
      postcss: ^8.4
    dependencies:
      postcss: 8.4.7
      postcss-selector-parser: 6.0.9
    dev: true

  /postcss-replace-overflow-wrap/4.0.0_postcss@8.4.7:
    resolution: {integrity: sha512-KmF7SBPphT4gPPcKZc7aDkweHiKEEO8cla/GjcBK+ckKxiZslIu3C4GCRW3DNfL0o7yW7kMQu9xlZ1kXRXLXtw==}
    peerDependencies:
      postcss: ^8.0.3
    dependencies:
      postcss: 8.4.7
    dev: true

  /postcss-selector-not/5.0.0_postcss@8.4.7:
    resolution: {integrity: sha512-/2K3A4TCP9orP4TNS7u3tGdRFVKqz/E6pX3aGnriPG0jU78of8wsUcqE4QAhWEU0d+WnMSF93Ah3F//vUtK+iQ==}
    peerDependencies:
      postcss: ^8.1.0
    dependencies:
      balanced-match: 1.0.2
      postcss: 8.4.7
    dev: true

  /postcss-selector-parser/6.0.9:
    resolution: {integrity: sha512-UO3SgnZOVTwu4kyLR22UQ1xZh086RyNZppb7lLAKBFK8a32ttG5i87Y/P3+2bRSjZNyJ1B7hfFNo273tKe9YxQ==}
    engines: {node: '>=4'}
    dependencies:
      cssesc: 3.0.0
      util-deprecate: 1.0.2
    dev: true

  /postcss-value-parser/4.2.0:
    resolution: {integrity: sha512-1NNCs6uurfkVbeXG4S8JFT9t19m45ICnif8zWLd5oPSZ50QnwMfK+H3jv408d4jw/7Bttv5axS5IiHoLaVNHeQ==}
    dev: true

  /postcss/8.4.7:
    resolution: {integrity: sha512-L9Ye3r6hkkCeOETQX6iOaWZgjp3LL6Lpqm6EtgbKrgqGGteRMNb9vzBfRL96YOSu8o7x3MfIH9Mo5cPJFGrW6A==}
    engines: {node: ^10 || ^12 || >=14}
    dependencies:
      nanoid: 3.3.1
      picocolors: 1.0.0
      source-map-js: 1.0.2
    dev: true

  /promise/7.3.1:
    resolution: {integrity: sha512-nolQXZ/4L+bP/UGlkfaIujX9BKxGwmQ9OT4mOt5yvy8iK1h3wqTEJCijzGANTCCl9nWjY41juyAn2K3Q1hLLTg==}
    dependencies:
      asap: 2.0.6
    dev: true

  /pug-attrs/3.0.0:
    resolution: {integrity: sha512-azINV9dUtzPMFQktvTXciNAfAuVh/L/JCl0vtPCwvOA21uZrC08K/UnmrL+SXGEVc1FwzjW62+xw5S/uaLj6cA==}
    dependencies:
      constantinople: 4.0.1
      js-stringify: 1.0.2
      pug-runtime: 3.0.1
    dev: true

  /pug-code-gen/3.0.2:
    resolution: {integrity: sha512-nJMhW16MbiGRiyR4miDTQMRWDgKplnHyeLvioEJYbk1RsPI3FuA3saEP8uwnTb2nTJEKBU90NFVWJBk4OU5qyg==}
    dependencies:
      constantinople: 4.0.1
      doctypes: 1.1.0
      js-stringify: 1.0.2
      pug-attrs: 3.0.0
      pug-error: 2.0.0
      pug-runtime: 3.0.1
      void-elements: 3.1.0
      with: 7.0.2
    dev: true

  /pug-error/2.0.0:
    resolution: {integrity: sha512-sjiUsi9M4RAGHktC1drQfCr5C5eriu24Lfbt4s+7SykztEOwVZtbFk1RRq0tzLxcMxMYTBR+zMQaG07J/btayQ==}
    dev: true

  /pug-filters/4.0.0:
    resolution: {integrity: sha512-yeNFtq5Yxmfz0f9z2rMXGw/8/4i1cCFecw/Q7+D0V2DdtII5UvqE12VaZ2AY7ri6o5RNXiweGH79OCq+2RQU4A==}
    dependencies:
      constantinople: 4.0.1
      jstransformer: 1.0.0
      pug-error: 2.0.0
      pug-walk: 2.0.0
      resolve: 1.22.0
    dev: true

  /pug-lexer/5.0.1:
    resolution: {integrity: sha512-0I6C62+keXlZPZkOJeVam9aBLVP2EnbeDw3An+k0/QlqdwH6rv8284nko14Na7c0TtqtogfWXcRoFE4O4Ff20w==}
    dependencies:
      character-parser: 2.2.0
      is-expression: 4.0.0
      pug-error: 2.0.0
    dev: true

  /pug-linker/4.0.0:
    resolution: {integrity: sha512-gjD1yzp0yxbQqnzBAdlhbgoJL5qIFJw78juN1NpTLt/mfPJ5VgC4BvkoD3G23qKzJtIIXBbcCt6FioLSFLOHdw==}
    dependencies:
      pug-error: 2.0.0
      pug-walk: 2.0.0
    dev: true

  /pug-load/3.0.0:
    resolution: {integrity: sha512-OCjTEnhLWZBvS4zni/WUMjH2YSUosnsmjGBB1An7CsKQarYSWQ0GCVyd4eQPMFJqZ8w9xgs01QdiZXKVjk92EQ==}
    dependencies:
      object-assign: 4.1.1
      pug-walk: 2.0.0
    dev: true

  /pug-parser/6.0.0:
    resolution: {integrity: sha512-ukiYM/9cH6Cml+AOl5kETtM9NR3WulyVP2y4HOU45DyMim1IeP/OOiyEWRr6qk5I5klpsBnbuHpwKmTx6WURnw==}
    dependencies:
      pug-error: 2.0.0
      token-stream: 1.0.0
    dev: true

  /pug-runtime/3.0.1:
    resolution: {integrity: sha512-L50zbvrQ35TkpHwv0G6aLSuueDRwc/97XdY8kL3tOT0FmhgG7UypU3VztfV/LATAvmUfYi4wNxSajhSAeNN+Kg==}
    dev: true

  /pug-strip-comments/2.0.0:
    resolution: {integrity: sha512-zo8DsDpH7eTkPHCXFeAk1xZXJbyoTfdPlNR0bK7rpOMuhBYb0f5qUVCO1xlsitYd3w5FQTK7zpNVKb3rZoUrrQ==}
    dependencies:
      pug-error: 2.0.0
    dev: true

  /pug-walk/2.0.0:
    resolution: {integrity: sha512-yYELe9Q5q9IQhuvqsZNwA5hfPkMJ8u92bQLIMcsMxf/VADjNtEYptU+inlufAFYcWdHlwNfZOEnOOQrZrcyJCQ==}
    dev: true

  /pug/3.0.2:
    resolution: {integrity: sha512-bp0I/hiK1D1vChHh6EfDxtndHji55XP/ZJKwsRqrz6lRia6ZC2OZbdAymlxdVFwd1L70ebrVJw4/eZ79skrIaw==}
    dependencies:
      pug-code-gen: 3.0.2
      pug-filters: 4.0.0
      pug-lexer: 5.0.1
      pug-linker: 4.0.0
      pug-load: 3.0.0
      pug-parser: 6.0.0
      pug-runtime: 3.0.1
      pug-strip-comments: 2.0.0
    dev: true

  /queue-microtask/1.2.3:
    resolution: {integrity: sha512-NuaNSa6flKT5JaSYQzJok04JzTL1CA6aGhv5rfLW3PgqA+M2ChpZQnAC8h8i4ZFkBS8X5RqkDBHA7r4hej3K9A==}
    dev: true

  /resolve/1.22.0:
    resolution: {integrity: sha512-Hhtrw0nLeSrFQ7phPp4OOcVjLPIeMnRlr5mcnVuMe7M/7eBn98A3hmFRLoFo3DLZkivSYwhRUJTyPyWAk56WLw==}
    hasBin: true
    dependencies:
      is-core-module: 2.8.1
      path-parse: 1.0.7
      supports-preserve-symlinks-flag: 1.0.0
    dev: true

  /reusify/1.0.4:
    resolution: {integrity: sha512-U9nH88a3fc/ekCF1l0/UP1IosiuIjyTh7hBvXVMHYgVcfGvt897Xguj2UOLDeI5BG2m7/uwyaLVT6fbtCwTyzw==}
    engines: {iojs: '>=1.0.0', node: '>=0.10.0'}
    dev: true

  /rollup/2.69.1:
    resolution: {integrity: sha512-xaQKTomUVZBopk38EIshM/kOoPFkKWisgBV7Emy80coP9MOSLUDrba1jKZhqH0iS5DoGcRbbcuyl/BzblV8w5w==}
    engines: {node: '>=10.0.0'}
    hasBin: true
    optionalDependencies:
      fsevents: 2.3.2
    dev: true

  /run-parallel/1.2.0:
    resolution: {integrity: sha512-5l4VyZR86LZ/lDxZTR6jqL8AFE2S0IFLMP26AbjsLVADxHdhB/c0GUsH+y39UfCi3dzz8OlQuPmnaJOMoDHQBA==}
    dependencies:
      queue-microtask: 1.2.3
    dev: true

  /source-map-js/1.0.2:
    resolution: {integrity: sha512-R0XvVJ9WusLiqTCEiGCmICCMplcCkIwwR11mOSD9CR5u+IXYdiseeEuXCVAjS54zqwkLcPNnmU4OeJ6tUrWhDw==}
    engines: {node: '>=0.10.0'}
    dev: true

  /sourcemap-codec/1.4.8:
    resolution: {integrity: sha512-9NykojV5Uih4lgo5So5dtw+f0JgJX30KCNI8gwhz2J9A15wD0Ml6tjHKwf6fTSa6fAdVBdZeNOs9eJ71qCk8vA==}
    dev: true

  /supports-preserve-symlinks-flag/1.0.0:
    resolution: {integrity: sha512-ot0WnXS9fgdkgIcePe6RHNk1WA8+muPa6cSjeR3V8K27q9BB1rTE3R1p7Hv0z1ZyAc8s6Vvv8DIyWf681MAt0w==}
    engines: {node: '>= 0.4'}
    dev: true

  /to-fast-properties/2.0.0:
    resolution: {integrity: sha1-3F5pjL0HkmW8c+A3doGk5Og/YW4=}
    engines: {node: '>=4'}
    dev: true

  /to-regex-range/5.0.1:
    resolution: {integrity: sha512-65P7iz6X5yEr1cwcgvQxbbIw7Uk3gOy5dIdtZ4rDveLqhrdJP+Li/Hx6tyK0NEb+2GCyneCMJiGqrADCSNk8sQ==}
    engines: {node: '>=8.0'}
    dependencies:
      is-number: 7.0.0
    dev: true

  /token-stream/1.0.0:
    resolution: {integrity: sha1-zCAOqyYT9BZtJ/+a/HylbUnfbrQ=}
    dev: true

  /util-deprecate/1.0.2:
    resolution: {integrity: sha1-RQ1Nyfpw3nMnYvvS1KKJgUGaDM8=}
    dev: true

  /vite-plugin-comlink/2.1.0_comlink@4.3.1+vite@2.8.6:
    resolution: {integrity: sha512-hJJAnEgYuhTMEf7aDNW12y53XC6JOWpC0fI+Hk7SwDwmWwzVMskCMzzyINASqQs/Td/aFpaHaeGnDmxwqzPDAw==}
    peerDependencies:
      comlink: ^4.3.1
      vite: ^2.5.0
    dependencies:
      comlink: 4.3.1
      vite: 2.8.6
    dev: true

  /vite-plugin-pug/0.3.1_picocolors@1.0.0+vite@2.8.6:
    resolution: {integrity: sha512-LOyb1o1eaUjaSrIzZiK95n632CDu4lPJ3U/wKy03mp9OcLAFS0p5R5it7z/FcsqXUiqRtl7QtCO9HnhylC4waA==}
    peerDependencies:
      picocolors: ~1
      vite: ~2
    dependencies:
      picocolors: 1.0.0
      pug: 3.0.2
      vite: 2.8.6
    dev: true

  /vite-plugin-windicss/1.8.2_vite@2.8.6:
    resolution: {integrity: sha512-tO9bCoqIW945ehwMr9D41YPods8b7HXtVtYVPx62dxadxlbcoD7PQ/8wSvLEiIkMMfuDG5WQ6LZaUdmfALC/vQ==}
    peerDependencies:
      vite: ^2.0.1
    dependencies:
      '@windicss/plugin-utils': 1.8.2
      debug: 4.3.3
      kolorist: 1.5.1
      vite: 2.8.6
      windicss: 3.5.1
    transitivePeerDependencies:
      - supports-color
    dev: true

  /vite/2.8.6:
    resolution: {integrity: sha512-e4H0QpludOVKkmOsRyqQ7LTcMUDF3mcgyNU4lmi0B5JUbe0ZxeBBl8VoZ8Y6Rfn9eFKYtdXNPcYK97ZwH+K2ug==}
    engines: {node: '>=12.2.0'}
    hasBin: true
    peerDependencies:
      less: '*'
      sass: '*'
      stylus: '*'
    peerDependenciesMeta:
      less:
        optional: true
      sass:
        optional: true
      stylus:
        optional: true
    dependencies:
      esbuild: 0.14.25
      postcss: 8.4.7
      resolve: 1.22.0
      rollup: 2.69.1
    optionalDependencies:
      fsevents: 2.3.2
    dev: true

  /void-elements/3.1.0:
    resolution: {integrity: sha1-YU9/v42AHwu18GYfWy9XhXUOTwk=}
    engines: {node: '>=0.10.0'}
    dev: true

  /windicss/3.5.1:
    resolution: {integrity: sha512-E1hYZATcZFci/XhGS0sJAMRxULjnK+glNukE78Ku7xeb3jxgMY55fFOdIrav+GjQCsgR+IZxPq9/DwmO6eyc4Q==}
    engines: {node: '>= 12'}
    hasBin: true
    dev: true

  /with/7.0.2:
    resolution: {integrity: sha512-RNGKj82nUPg3g5ygxkQl0R937xLyho1J24ItRCBTr/m1YnZkzJy1hUiHUJrc/VlsDQzsCnInEGSg3bci0Lmd4w==}
    engines: {node: '>= 10.0.0'}
    dependencies:
      '@babel/parser': 7.17.3
      '@babel/types': 7.17.0
      assert-never: 1.2.1
      babel-walk: 3.0.0-canary-5
    dev: true
